
Microsoft Visual Studio Solution File, Format Version 12.00
# Visual Studio 15
VisualStudioVersion = 15.0.28307.168
MinimumVisualStudioVersion = 10.0.40219.1
Project("{FAE04EC0-301F-11D3-BF4B-00C04F79EFBC}") = "YYS_Arrange", "YYS_Arrange\YYS_Arrange.csproj", "{1314C178-DB0A-4C74-BE6E-BDA28419A14F}"
EndProject
Global
	GlobalSection(SolutionConfigurationPlatforms) = preSolution
		Debug|Any CPU = Debug|Any CPU
		Release|Any CPU = Release|Any CPU
	EndGlobalSection
	GlobalSection(ProjectConfigurationPlatforms) = postSolution
		{1314C178-DB0A-4C74-BE6E-BDA28419A14F}.Debug|Any CPU.ActiveCfg = Debug|Any CPU
		{1314C178-DB0A-4C74-BE6E-BDA28419A14F}.Debug|Any CPU.Build.0 = Debug|Any CPU
		{1314C178-DB0A-4C74-BE6E-BDA28419A14F}.Release|Any CPU.ActiveCfg = Release|Any CPU
		{1314C178-DB0A-4C74-BE6E-BDA28419A14F}.Release|Any CPU.Build.0 = Release|Any CPU
	EndGlobalSection
	GlobalSection(SolutionProperties) = preSolution
		HideSolutionNode = FALSE
	EndGlobalSection
	GlobalSection(ExtensibilityGlobals) = postSolution
		SolutionGuid = {D599E3B2-719E-43BE-AD2F-C6D58B47C0F2}
	EndGlobalSection
EndGlobal
